
Microsoft Visual Studio Solution File, Format Version 12.00
# Visual Studio 15
VisualStudioVersion = 15.0.27004.2010
MinimumVisualStudioVersion = 10.0.40219.1
Project("{FAE04EC0-301F-11D3-BF4B-00C04F79EFBC}") = "AutoReplaceText", "AutoReplaceText\AutoReplaceText.csproj", "{64DAB9AB-F944-4E74-A19E-4FB3CA7EF479}"
EndProject
Global
	GlobalSection(SolutionConfigurationPlatforms) = preSolution
		Debug|Any CPU = Debug|Any CPU
		Release|Any CPU = Release|Any CPU
	EndGlobalSection
	GlobalSection(ProjectConfigurationPlatforms) = postSolution
		{64DAB9AB-F944-4E74-A19E-4FB3CA7EF479}.Debug|Any CPU.ActiveCfg = Debug|Any CPU
		{64DAB9AB-F944-4E74-A19E-4FB3CA7EF479}.Debug|Any CPU.Build.0 = Debug|Any CPU
		{64DAB9AB-F944-4E74-A19E-4FB3CA7EF479}.Release|Any CPU.ActiveCfg = Release|Any CPU
		{64DAB9AB-F944-4E74-A19E-4FB3CA7EF479}.Release|Any CPU.Build.0 = Release|Any CPU
	EndGlobalSection
	GlobalSection(SolutionProperties) = preSolution
		HideSolutionNode = FALSE
	EndGlobalSection
	GlobalSection(ExtensibilityGlobals) = postSolution
		SolutionGuid = {ECF63AA6-4757-4205-94AD-3AF47D680E50}
	EndGlobalSection
EndGlobal
