
Microsoft Visual Studio Solution File, Format Version 12.00
# Visual Studio 15
VisualStudioVersion = 15.0.27004.2010
MinimumVisualStudioVersion = 10.0.40219.1
Project("{FAE04EC0-301F-11D3-BF4B-00C04F79EFBC}") = "AutoReplaceText", "DemoForm\AutoReplaceText.csproj", "{10496050-820E-4EDC-B3D6-20C44113AD1B}"
EndProject
Global
	GlobalSection(SolutionConfigurationPlatforms) = preSolution
		Debug|x86 = Debug|x86
		Release|x86 = Release|x86
	EndGlobalSection
	GlobalSection(ProjectConfigurationPlatforms) = postSolution
		{10496050-820E-4EDC-B3D6-20C44113AD1B}.Debug|x86.ActiveCfg = Debug|x86
		{10496050-820E-4EDC-B3D6-20C44113AD1B}.Debug|x86.Build.0 = Debug|x86
		{10496050-820E-4EDC-B3D6-20C44113AD1B}.Release|x86.ActiveCfg = Release|x86
		{10496050-820E-4EDC-B3D6-20C44113AD1B}.Release|x86.Build.0 = Release|x86
	EndGlobalSection
	GlobalSection(SolutionProperties) = preSolution
		HideSolutionNode = FALSE
	EndGlobalSection
	GlobalSection(ExtensibilityGlobals) = postSolution
		SolutionGuid = {942D034F-4EED-4E78-BAB9-6957660556D4}
	EndGlobalSection
EndGlobal
